
Microsoft Visual Studio Solution File, Format Version 12.00
# Visual Studio Version 17
VisualStudioVersion = 17.0.31912.275
MinimumVisualStudioVersion = 10.0.40219.1
Project("{9A19103F-16F7-4668-BE54-9A1E7A4F7556}") = "Fetch.Chat.Web", "Fetch.Chat.Web\Fetch.Chat.Web.csproj", "{0BB8C721-1518-43FE-B119-EDBC76FF7D2F}"
EndProject
Project("{9A19103F-16F7-4668-BE54-9A1E7A4F7556}") = "Fetch.Chat.Domain", "Fetch.Chat.Domain\Fetch.Chat.Domain.csproj", "{CBF35D46-E71A-4591-834E-019194C99531}"
EndProject
Project("{9A19103F-16F7-4668-BE54-9A1E7A4F7556}") = "Fetch.Chat.Infrastructure", "Fetch.Chat.Infrastructure\Fetch.Chat.Infrastructure.csproj", "{52C70DD6-ADE4-4523-A542-051C0CE0AC39}"
EndProject
Global
	GlobalSection(SolutionConfigurationPlatforms) = preSolution
		Debug|Any CPU = Debug|Any CPU
		Release|Any CPU = Release|Any CPU
	EndGlobalSection
	GlobalSection(ProjectConfigurationPlatforms) = postSolution
		{0BB8C721-1518-43FE-B119-EDBC76FF7D2F}.Debug|Any CPU.ActiveCfg = Debug|Any CPU
		{0BB8C721-1518-43FE-B119-EDBC76FF7D2F}.Debug|Any CPU.Build.0 = Debug|Any CPU
		{0BB8C721-1518-43FE-B119-EDBC76FF7D2F}.Release|Any CPU.ActiveCfg = Release|Any CPU
		{0BB8C721-1518-43FE-B119-EDBC76FF7D2F}.Release|Any CPU.Build.0 = Release|Any CPU
		{CBF35D46-E71A-4591-834E-019194C99531}.Debug|Any CPU.ActiveCfg = Debug|Any CPU
		{CBF35D46-E71A-4591-834E-019194C99531}.Debug|Any CPU.Build.0 = Debug|Any CPU
		{CBF35D46-E71A-4591-834E-019194C99531}.Release|Any CPU.ActiveCfg = Release|Any CPU
		{CBF35D46-E71A-4591-834E-019194C99531}.Release|Any CPU.Build.0 = Release|Any CPU
		{52C70DD6-ADE4-4523-A542-051C0CE0AC39}.Debug|Any CPU.ActiveCfg = Debug|Any CPU
		{52C70DD6-ADE4-4523-A542-051C0CE0AC39}.Debug|Any CPU.Build.0 = Debug|Any CPU
		{52C70DD6-ADE4-4523-A542-051C0CE0AC39}.Release|Any CPU.ActiveCfg = Release|Any CPU
		{52C70DD6-ADE4-4523-A542-051C0CE0AC39}.Release|Any CPU.Build.0 = Release|Any CPU
	EndGlobalSection
	GlobalSection(SolutionProperties) = preSolution
		HideSolutionNode = FALSE
	EndGlobalSection
	GlobalSection(ExtensibilityGlobals) = postSolution
		SolutionGuid = {92606EDE-26BD-4D71-AFF3-F82B98807BA2}
	EndGlobalSection
EndGlobal
